
Microsoft Visual Studio Solution File, Format Version 12.00
# Visual Studio Version 17
VisualStudioVersion = 17.11.35312.102
MinimumVisualStudioVersion = 10.0.40219.1
Project("{FAE04EC0-301F-11D3-BF4B-00C04F79EFBC}") = "CosmosLog", "CosmosLog\CosmosLog.csproj", "{FB5FC1F3-51A7-486F-B1E6-68FD9974DF8F}"
EndProject
Project("{FAE04EC0-301F-11D3-BF4B-00C04F79EFBC}") = "CosmosLogCall", "CosmosLogCall\CosmosLogCall.csproj", "{ED35B2FD-BF77-4A6F-8EF2-8E4A012AAB7A}"
EndProject
Global
	GlobalSection(SolutionConfigurationPlatforms) = preSolution
		Debug|Any CPU = Debug|Any CPU
		Release|Any CPU = Release|Any CPU
	EndGlobalSection
	GlobalSection(ProjectConfigurationPlatforms) = postSolution
		{FB5FC1F3-51A7-486F-B1E6-68FD9974DF8F}.Debug|Any CPU.ActiveCfg = Debug|Any CPU
		{FB5FC1F3-51A7-486F-B1E6-68FD9974DF8F}.Debug|Any CPU.Build.0 = Debug|Any CPU
		{FB5FC1F3-51A7-486F-B1E6-68FD9974DF8F}.Release|Any CPU.ActiveCfg = Release|Any CPU
		{FB5FC1F3-51A7-486F-B1E6-68FD9974DF8F}.Release|Any CPU.Build.0 = Release|Any CPU
		{ED35B2FD-BF77-4A6F-8EF2-8E4A012AAB7A}.Debug|Any CPU.ActiveCfg = Debug|Any CPU
		{ED35B2FD-BF77-4A6F-8EF2-8E4A012AAB7A}.Debug|Any CPU.Build.0 = Debug|Any CPU
		{ED35B2FD-BF77-4A6F-8EF2-8E4A012AAB7A}.Release|Any CPU.ActiveCfg = Release|Any CPU
		{ED35B2FD-BF77-4A6F-8EF2-8E4A012AAB7A}.Release|Any CPU.Build.0 = Release|Any CPU
	EndGlobalSection
	GlobalSection(SolutionProperties) = preSolution
		HideSolutionNode = FALSE
	EndGlobalSection
	GlobalSection(ExtensibilityGlobals) = postSolution
		SolutionGuid = {55BEBDD0-55CC-48F5-A458-32C576136EDE}
	EndGlobalSection
EndGlobal
